// !$*UTF8*$!
{
	archiveVersion = 1;
	classes = {
	};
	objectVersion = 46;
	objects = {

/* Begin PBXBuildFile section */
		FC5C65E418CDB1C300CA9B79 /* Foundation.framework in Frameworks */ = {isa = PBXBuildFile; fileRef = FC5C65E318CDB1C300CA9B79 /* Foundation.framework */; };
		FC5C65E618CDB1C300CA9B79 /* CoreGraphics.framework in Frameworks */ = {isa = PBXBuildFile; fileRef = FC5C65E518CDB1C300CA9B79 /* CoreGraphics.framework */; };
		FC5C65E818CDB1C300CA9B79 /* UIKit.framework in Frameworks */ = {isa = PBXBuildFile; fileRef = FC5C65E718CDB1C300CA9B79 /* UIKit.framework */; };
		FC5C65EE18CDB1C300CA9B79 /* InfoPlist.strings in Resources */ = {isa = PBXBuildFile; fileRef = FC5C65EC18CDB1C300CA9B79 /* InfoPlist.strings */; };
		FC5C65F018CDB1C300CA9B79 /* main.m in Sources */ = {isa = PBXBuildFile; fileRef = FC5C65EF18CDB1C300CA9B79 /* main.m */; };
		FC5C65F418CDB1C300CA9B79 /* GestureControllerAppDelegate.m in Sources */ = {isa = PBXBuildFile; fileRef = FC5C65F318CDB1C300CA9B79 /* GestureControllerAppDelegate.m */; };
		FC5C65F718CDB1C300CA9B79 /* Main.storyboard in Resources */ = {isa = PBXBuildFile; fileRef = FC5C65F518CDB1C300CA9B79 /* Main.storyboard */; };
		FC5C65FA18CDB1C300CA9B79 /* GestureControllerViewController.m in Sources */ = {isa = PBXBuildFile; fileRef = FC5C65F918CDB1C300CA9B79 /* GestureControllerViewController.m */; };
		FC5C65FC18CDB1C300CA9B79 /* Images.xcassets in Resources */ = {isa = PBXBuildFile; fileRef = FC5C65FB18CDB1C300CA9B79 /* Images.xcassets */; };
		FC5C660318CDB1C300CA9B79 /* XCTest.framework in Frameworks */ = {isa = PBXBuildFile; fileRef = FC5C660218CDB1C300CA9B79 /* XCTest.framework */; };
		FC5C660418CDB1C300CA9B79 /* Foundation.framework in Frameworks */ = {isa = PBXBuildFile; fileRef = FC5C65E318CDB1C300CA9B79 /* Foundation.framework */; };
		FC5C660518CDB1C300CA9B79 /* UIKit.framework in Frameworks */ = {isa = PBXBuildFile; fileRef = FC5C65E718CDB1C300CA9B79 /* UIKit.framework */; };
		FC5C660D18CDB1C300CA9B79 /* InfoPlist.strings in Resources */ = {isa = PBXBuildFile; fileRef = FC5C660B18CDB1C300CA9B79 /* InfoPlist.strings */; };
		FC5C660F18CDB1C300CA9B79 /* GestureControllerTests.m in Sources */ = {isa = PBXBuildFile; fileRef = FC5C660E18CDB1C300CA9B79 /* GestureControllerTests.m */; };
/* End PBXBuildFile section */

/* Begin PBXContainerItemProxy section */
		FC5C660618CDB1C300CA9B79 /* PBXContainerItemProxy */ = {
			isa = PBXContainerItemProxy;
			containerPortal = FC5C65D818CDB1C300CA9B79 /* Project object */;
			proxyType = 1;
			remoteGlobalIDString = FC5C65DF18CDB1C300CA9B79;
			remoteInfo = GestureController;
		};
/* End PBXContainerItemProxy section */

/* Begin PBXFileReference section */
		FC5C65E018CDB1C300CA9B79 /* GestureController.app */ = {isa = PBXFileReference; explicitFileType = wrapper.application; includeInIndex = 0; path = GestureController.app; sourceTree = BUILT_PRODUCTS_DIR; };
		FC5C65E318CDB1C300CA9B79 /* Foundation.framework */ = {isa = PBXFileReference; lastKnownFileType = wrapper.framework; name = Foundation.framework; path = System/Library/Frameworks/Foundation.framework; sourceTree = SDKROOT; };
		FC5C65E518CDB1C300CA9B79 /* CoreGraphics.framework */ = {isa = PBXFileReference; lastKnownFileType = wrapper.framework; name = CoreGraphics.framework; path = System/Library/Frameworks/CoreGraphics.framework; sourceTree = SDKROOT; };
		FC5C65E718CDB1C300CA9B79 /* UIKit.framework */ = {isa = PBXFileReference; lastKnownFileType = wrapper.framework; name = UIKit.framework; path = System/Library/Frameworks/UIKit.framework; sourceTree = SDKROOT; };
		FC5C65EB18CDB1C300CA9B79 /* GestureController-Info.plist */ = {isa = PBXFileReference; lastKnownFileType = text.plist.xml; path = "GestureController-Info.plist"; sourceTree = "<group>"; };
		FC5C65ED18CDB1C300CA9B79 /* en */ = {isa = PBXFileReference; lastKnownFileType = text.plist.strings; name = en; path = en.lproj/InfoPlist.strings; sourceTree = "<group>"; };
		FC5C65EF18CDB1C300CA9B79 /* main.m */ = {isa = PBXFileReference; lastKnownFileType = sourcecode.c.objc; path = main.m; sourceTree = "<group>"; };
		FC5C65F118CDB1C300CA9B79 /* GestureController-Prefix.pch */ = {isa = PBXFileReference; lastKnownFileType = sourcecode.c.h; path = "GestureController-Prefix.pch"; sourceTree = "<group>"; };
		FC5C65F218CDB1C300CA9B79 /* GestureControllerAppDelegate.h */ = {isa = PBXFileReference; lastKnownFileType = sourcecode.c.h; path = GestureControllerAppDelegate.h; sourceTree = "<group>"; };
		FC5C65F318CDB1C300CA9B79 /* GestureControllerAppDelegate.m */ = {isa = PBXFileReference; lastKnownFileType = sourcecode.c.objc; path = GestureControllerAppDelegate.m; sourceTree = "<group>"; };
		FC5C65F618CDB1C300CA9B79 /* Base */ = {isa = PBXFileReference; lastKnownFileType = file.storyboard; name = Base; path = Base.lproj/Main.storyboard; sourceTree = "<group>"; };
		FC5C65F818CDB1C300CA9B79 /* GestureControllerViewController.h */ = {isa = PBXFileReference; lastKnownFileType = sourcecode.c.h; path = GestureControllerViewController.h; sourceTree = "<group>"; };
		FC5C65F918CDB1C300CA9B79 /* GestureControllerViewController.m */ = {isa = PBXFileReference; lastKnownFileType = sourcecode.c.objc; path = GestureControllerViewController.m; sourceTree = "<group>"; };
		FC5C65FB18CDB1C300CA9B79 /* Images.xcassets */ = {isa = PBXFileReference; lastKnownFileType = folder.assetcatalog; path = Images.xcassets; sourceTree = "<group>"; };
		FC5C660118CDB1C300CA9B79 /* GestureControllerTests.xctest */ = {isa = PBXFileReference; explicitFileType = wrapper.cfbundle; includeInIndex = 0; path = GestureControllerTests.xctest; sourceTree = BUILT_PRODUCTS_DIR; };
		FC5C660218CDB1C300CA9B79 /* XCTest.framework */ = {isa = PBXFileReference; lastKnownFileType = wrapper.framework; name = XCTest.framework; path = Library/Frameworks/XCTest.framework; sourceTree = DEVELOPER_DIR; };
		FC5C660A18CDB1C300CA9B79 /* GestureControllerTests-Info.plist */ = {isa = PBXFileReference; lastKnownFileType = text.plist.xml; path = "GestureControllerTests-Info.plist"; sourceTree = "<group>"; };
		FC5C660C18CDB1C300CA9B79 /* en */ = {isa = PBXFileReference; lastKnownFileType = text.plist.strings; name = en; path = en.lproj/InfoPlist.strings; sourceTree = "<group>"; };
		FC5C660E18CDB1C300CA9B79 /* GestureControllerTests.m */ = {isa = PBXFileReference; lastKnownFileType = sourcecode.c.objc; path = GestureControllerTests.m; sourceTree = "<group>"; };
/* End PBXFileReference section */

/* Begin PBXFrameworksBuildPhase section */
		FC5C65DD18CDB1C300CA9B79 /* Frameworks */ = {
			isa = PBXFrameworksBuildPhase;
			buildActionMask = 2147483647;
			files = (
				FC5C65E618CDB1C300CA9B79 /* CoreGraphics.framework in Frameworks */,
				FC5C65E818CDB1C300CA9B79 /* UIKit.framework in Frameworks */,
				FC5C65E418CDB1C300CA9B79 /* Foundation.framework in Frameworks */,
			);
			runOnlyForDeploymentPostprocessing = 0;
		};
		FC5C65FE18CDB1C300CA9B79 /* Frameworks */ = {
			isa = PBXFrameworksBuildPhase;
			buildActionMask = 2147483647;
			files = (
				FC5C660318CDB1C300CA9B79 /* XCTest.framework in Frameworks */,
				FC5C660518CDB1C300CA9B79 /* UIKit.framework in Frameworks */,
				FC5C660418CDB1C300CA9B79 /* Foundation.framework in Frameworks */,
			);
			runOnlyForDeploymentPostprocessing = 0;
		};
/* End PBXFrameworksBuildPhase section */

/* Begin PBXGroup section */
		FC5C65D718CDB1C300CA9B79 = {
			isa = PBXGroup;
			children = (
				FC5C65E918CDB1C300CA9B79 /* GestureController */,
				FC5C660818CDB1C300CA9B79 /* GestureControllerTests */,
				FC5C65E218CDB1C300CA9B79 /* Frameworks */,
				FC5C65E118CDB1C300CA9B79 /* Products */,
			);
			sourceTree = "<group>";
		};
		FC5C65E118CDB1C300CA9B79 /* Products */ = {
			isa = PBXGroup;
			children = (
				FC5C65E018CDB1C300CA9B79 /* GestureController.app */,
				FC5C660118CDB1C300CA9B79 /* GestureControllerTests.xctest */,
			);
			name = Products;
			sourceTree = "<group>";
		};
		FC5C65E218CDB1C300CA9B79 /* Frameworks */ = {
			isa = PBXGroup;
			children = (
				FC5C65E318CDB1C300CA9B79 /* Foundation.framework */,
				FC5C65E518CDB1C300CA9B79 /* CoreGraphics.framework */,
				FC5C65E718CDB1C300CA9B79 /* UIKit.framework */,
				FC5C660218CDB1C300CA9B79 /* XCTest.framework */,
			);
			name = Frameworks;
			sourceTree = "<group>";
		};
		FC5C65E918CDB1C300CA9B79 /* GestureController */ = {
			isa = PBXGroup;
			children = (
				FC5C65F218CDB1C300CA9B79 /* GestureControllerAppDelegate.h */,
				FC5C65F318CDB1C300CA9B79 /* GestureControllerAppDelegate.m */,
				FC5C65F518CDB1C300CA9B79 /* Main.storyboard */,
				FC5C65F818CDB1C300CA9B79 /* GestureControllerViewController.h */,
				FC5C65F918CDB1C300CA9B79 /* GestureControllerViewController.m */,
				FC5C65FB18CDB1C300CA9B79 /* Images.xcassets */,
				FC5C65EA18CDB1C300CA9B79 /* Supporting Files */,
			);
			path = GestureController;
			sourceTree = "<group>";
		};
		FC5C65EA18CDB1C300CA9B79 /* Supporting Files */ = {
			isa = PBXGroup;
			children = (
				FC5C65EB18CDB1C300CA9B79 /* GestureController-Info.plist */,
				FC5C65EC18CDB1C300CA9B79 /* InfoPlist.strings */,
				FC5C65EF18CDB1C300CA9B79 /* main.m */,
				FC5C65F118CDB1C300CA9B79 /* GestureController-Prefix.pch */,
			);
			name = "Supporting Files";
			sourceTree = "<group>";
		};
		FC5C660818CDB1C300CA9B79 /* GestureControllerTests */ = {
			isa = PBXGroup;
			children = (
				FC5C660E18CDB1C300CA9B79 /* GestureControllerTests.m */,
				FC5C660918CDB1C300CA9B79 /* Supporting Files */,
			);
			path = GestureControllerTests;
			sourceTree = "<group>";
		};
		FC5C660918CDB1C300CA9B79 /* Supporting Files */ = {
			isa = PBXGroup;
			children = (
				FC5C660A18CDB1C300CA9B79 /* GestureControllerTests-Info.plist */,
				FC5C660B18CDB1C300CA9B79 /* InfoPlist.strings */,
			);
			name = "Supporting Files";
			sourceTree = "<group>";
		};
/* End PBXGroup section */

/* Begin PBXNativeTarget section */
		FC5C65DF18CDB1C300CA9B79 /* GestureController */ = {
			isa = PBXNativeTarget;
			buildConfigurationList = FC5C661218CDB1C300CA9B79 /* Build configuration list for PBXNativeTarget "GestureController" */;
			buildPhases = (
				FC5C65DC18CDB1C300CA9B79 /* Sources */,
				FC5C65DD18CDB1C300CA9B79 /* Frameworks */,
				FC5C65DE18CDB1C300CA9B79 /* Resources */,
			);
			buildRules = (
			);
			dependencies = (
			);
			name = GestureController;
			productName = GestureController;
			productReference = FC5C65E018CDB1C300CA9B79 /* GestureController.app */;
			productType = "com.apple.product-type.application";
		};
		FC5C660018CDB1C300CA9B79 /* GestureControllerTests */ = {
			isa = PBXNativeTarget;
			buildConfigurationList = FC5C661518CDB1C300CA9B79 /* Build configuration list for PBXNativeTarget "GestureControllerTests" */;
			buildPhases = (
				FC5C65FD18CDB1C300CA9B79 /* Sources */,
				FC5C65FE18CDB1C300CA9B79 /* Frameworks */,
				FC5C65FF18CDB1C300CA9B79 /* Resources */,
			);
			buildRules = (
			);
			dependencies = (
				FC5C660718CDB1C300CA9B79 /* PBXTargetDependency */,
			);
			name = GestureControllerTests;
			productName = GestureControllerTests;
			productReference = FC5C660118CDB1C300CA9B79 /* GestureControllerTests.xctest */;
			productType = "com.apple.product-type.bundle.unit-test";
		};
/* End PBXNativeTarget section */

/* Begin PBXProject section */
		FC5C65D818CDB1C300CA9B79 /* Project object */ = {
			isa = PBXProject;
			attributes = {
				CLASSPREFIX = GestureController;
				LastUpgradeCheck = 0500;
				ORGANIZATIONNAME = GTCMT;
				TargetAttributes = {
					FC5C660018CDB1C300CA9B79 = {
						TestTargetID = FC5C65DF18CDB1C300CA9B79;
					};
				};
			};
			buildConfigurationList = FC5C65DB18CDB1C300CA9B79 /* Build configuration list for PBXProject "GestureController" */;
			compatibilityVersion = "Xcode 3.2";
			developmentRegion = English;
			hasScannedForEncodings = 0;
			knownRegions = (
				en,
				Base,
			);
			mainGroup = FC5C65D718CDB1C300CA9B79;
			productRefGroup = FC5C65E118CDB1C300CA9B79 /* Products */;
			projectDirPath = "";
			projectRoot = "";
			targets = (
				FC5C65DF18CDB1C300CA9B79 /* GestureController */,
				FC5C660018CDB1C300CA9B79 /* GestureControllerTests */,
			);
		};
/* End PBXProject section */

/* Begin PBXResourcesBuildPhase section */
		FC5C65DE18CDB1C300CA9B79 /* Resources */ = {
			isa = PBXResourcesBuildPhase;
			buildActionMask = 2147483647;
			files = (
				FC5C65FC18CDB1C300CA9B79 /* Images.xcassets in Resources */,
				FC5C65EE18CDB1C300CA9B79 /* InfoPlist.strings in Resources */,
				FC5C65F718CDB1C300CA9B79 /* Main.storyboard in Resources */,
			);
			runOnlyForDeploymentPostprocessing = 0;
		};
		FC5C65FF18CDB1C300CA9B79 /* Resources */ = {
			isa = PBXResourcesBuildPhase;
			buildActionMask = 2147483647;
			files = (
				FC5C660D18CDB1C300CA9B79 /* InfoPlist.strings in Resources */,
			);
			runOnlyForDeploymentPostprocessing = 0;
		};
/* End PBXResourcesBuildPhase section */

/* Begin PBXSourcesBuildPhase section */
		FC5C65DC18CDB1C300CA9B79 /* Sources */ = {
			isa = PBXSourcesBuildPhase;
			buildActionMask = 2147483647;
			files = (
				FC5C65FA18CDB1C300CA9B79 /* GestureControllerViewController.m in Sources */,
				FC5C65F418CDB1C300CA9B79 /* GestureControllerAppDelegate.m in Sources */,
				FC5C65F018CDB1C300CA9B79 /* main.m in Sources */,
			);
			runOnlyForDeploymentPostprocessing = 0;
		};
		FC5C65FD18CDB1C300CA9B79 /* Sources */ = {
			isa = PBXSourcesBuildPhase;
			buildActionMask = 2147483647;
			files = (
				FC5C660F18CDB1C300CA9B79 /* GestureControllerTests.m in Sources */,
			);
			runOnlyForDeploymentPostprocessing = 0;
		};
/* End PBXSourcesBuildPhase section */

/* Begin PBXTargetDependency section */
		FC5C660718CDB1C300CA9B79 /* PBXTargetDependency */ = {
			isa = PBXTargetDependency;
			target = FC5C65DF18CDB1C300CA9B79 /* GestureController */;
			targetProxy = FC5C660618CDB1C300CA9B79 /* PBXContainerItemProxy */;
		};
/* End PBXTargetDependency section */

/* Begin PBXVariantGroup section */
		FC5C65EC18CDB1C300CA9B79 /* InfoPlist.strings */ = {
			isa = PBXVariantGroup;
			children = (
				FC5C65ED18CDB1C300CA9B79 /* en */,
			);
			name = InfoPlist.strings;
			sourceTree = "<group>";
		};
		FC5C65F518CDB1C300CA9B79 /* Main.storyboard */ = {
			isa = PBXVariantGroup;
			children = (
				FC5C65F618CDB1C300CA9B79 /* Base */,
			);
			name = Main.storyboard;
			sourceTree = "<group>";
		};
		FC5C660B18CDB1C300CA9B79 /* InfoPlist.strings */ = {
			isa = PBXVariantGroup;
			children = (
				FC5C660C18CDB1C300CA9B79 /* en */,
			);
			name = InfoPlist.strings;
			sourceTree = "<group>";
		};
/* End PBXVariantGroup section */

/* Begin XCBuildConfiguration section */
		FC5C661018CDB1C300CA9B79 /* Debug */ = {
			isa = XCBuildConfiguration;
			buildSettings = {
				ALWAYS_SEARCH_USER_PATHS = NO;
				ARCHS = "$(ARCHS_STANDARD_INCLUDING_64_BIT)";
				CLANG_CXX_LANGUAGE_STANDARD = "gnu++0x";
				CLANG_CXX_LIBRARY = "libc++";
				CLANG_ENABLE_MODULES = YES;
				CLANG_ENABLE_OBJC_ARC = YES;
				CLANG_WARN_BOOL_CONVERSION = YES;
				CLANG_WARN_CONSTANT_CONVERSION = YES;
				CLANG_WARN_DIRECT_OBJC_ISA_USAGE = YES_ERROR;
				CLANG_WARN_EMPTY_BODY = YES;
				CLANG_WARN_ENUM_CONVERSION = YES;
				CLANG_WARN_INT_CONVERSION = YES;
				CLANG_WARN_OBJC_ROOT_CLASS = YES_ERROR;
				CLANG_WARN__DUPLICATE_METHOD_MATCH = YES;
				"CODE_SIGN_IDENTITY[sdk=iphoneos*]" = "iPhone Developer";
				COPY_PHASE_STRIP = NO;
				GCC_C_LANGUAGE_STANDARD = gnu99;
				GCC_DYNAMIC_NO_PIC = NO;
				GCC_OPTIMIZATION_LEVEL = 0;
				GCC_PREPROCESSOR_DEFINITIONS = (
					"DEBUG=1",
					"$(inherited)",
				);
				GCC_SYMBOLS_PRIVATE_EXTERN = NO;
				GCC_WARN_64_TO_32_BIT_CONVERSION = YES;
				GCC_WARN_ABOUT_RETURN_TYPE = YES_ERROR;
				GCC_WARN_UNDECLARED_SELECTOR = YES;
				GCC_WARN_UNINITIALIZED_AUTOS = YES;
				GCC_WARN_UNUSED_FUNCTION = YES;
				GCC_WARN_UNUSED_VARIABLE = YES;
				IPHONEOS_DEPLOYMENT_TARGET = 7.0;
				ONLY_ACTIVE_ARCH = YES;
				SDKROOT = iphoneos;
			};
			name = Debug;
		};
		FC5C661118CDB1C300CA9B79 /* Release */ = {
			isa = XCBuildConfiguration;
			buildSettings = {
				ALWAYS_SEARCH_USER_PATHS = NO;
				ARCHS = "$(ARCHS_STANDARD_INCLUDING_64_BIT)";
				CLANG_CXX_LANGUAGE_STANDARD = "gnu++0x";
				CLANG_CXX_LIBRARY = "libc++";
				CLANG_ENABLE_MODULES = YES;
				CLANG_ENABLE_OBJC_ARC = YES;
				CLANG_WARN_BOOL_CONVERSION = YES;
				CLANG_WARN_CONSTANT_CONVERSION = YES;
				CLANG_WARN_DIRECT_OBJC_ISA_USAGE = YES_ERROR;
				CLANG_WARN_EMPTY_BODY = YES;
				CLANG_WARN_ENUM_CONVERSION = YES;
				CLANG_WARN_INT_CONVERSION = YES;
				CLANG_WARN_OBJC_ROOT_CLASS = YES_ERROR;
				CLANG_WARN__DUPLICATE_METHOD_MATCH = YES;
				"CODE_SIGN_IDENTITY[sdk=iphoneos*]" = "iPhone Developer";
				COPY_PHASE_STRIP = YES;
				ENABLE_NS_ASSERTIONS = NO;
				GCC_C_LANGUAGE_STANDARD = gnu99;
				GCC_WARN_64_TO_32_BIT_CONVERSION = YES;
				GCC_WARN_ABOUT_RETURN_TYPE = YES_ERROR;
				GCC_WARN_UNDECLARED_SELECTOR = YES;
				GCC_WARN_UNINITIALIZED_AUTOS = YES;
				GCC_WARN_UNUSED_FUNCTION = YES;
				GCC_WARN_UNUSED_VARIABLE = YES;
				IPHONEOS_DEPLOYMENT_TARGET = 7.0;
				SDKROOT = iphoneos;
				VALIDATE_PRODUCT = YES;
			};
			name = Release;
		};
		FC5C661318CDB1C300CA9B79 /* Debug */ = {
			isa = XCBuildConfiguration;
			buildSettings = {
				ASSETCATALOG_COMPILER_APPICON_NAME = AppIcon;
				ASSETCATALOG_COMPILER_LAUNCHIMAGE_NAME = LaunchImage;
				GCC_PRECOMPILE_PREFIX_HEADER = YES;
				GCC_PREFIX_HEADER = "GestureController/GestureController-Prefix.pch";
				INFOPLIST_FILE = "GestureController/GestureController-Info.plist";
				PRODUCT_NAME = "$(TARGET_NAME)";
				WRAPPER_EXTENSION = app;
			};
			name = Debug;
		};
		FC5C661418CDB1C300CA9B79 /* Release */ = {
			isa = XCBuildConfiguration;
			buildSettings = {
				ASSETCATALOG_COMPILER_APPICON_NAME = AppIcon;
				ASSETCATALOG_COMPILER_LAUNCHIMAGE_NAME = LaunchImage;
				GCC_PRECOMPILE_PREFIX_HEADER = YES;
				GCC_PREFIX_HEADER = "GestureController/GestureController-Prefix.pch";
				INFOPLIST_FILE = "GestureController/GestureController-Info.plist";
				PRODUCT_NAME = "$(TARGET_NAME)";
				WRAPPER_EXTENSION = app;
			};
			name = Release;
		};
		FC5C661618CDB1C300CA9B79 /* Debug */ = {
			isa = XCBuildConfiguration;
			buildSettings = {
				ARCHS = "$(ARCHS_STANDARD_INCLUDING_64_BIT)";
				BUNDLE_LOADER = "$(BUILT_PRODUCTS_DIR)/GestureController.app/GestureController";
				FRAMEWORK_SEARCH_PATHS = (
					"$(SDKROOT)/Developer/Library/Frameworks",
					"$(inherited)",
					"$(DEVELOPER_FRAMEWORKS_DIR)",
				);
				GCC_PRECOMPILE_PREFIX_HEADER = YES;
				GCC_PREFIX_HEADER = "GestureController/GestureController-Prefix.pch";
				GCC_PREPROCESSOR_DEFINITIONS = (
					"DEBUG=1",
					"$(inherited)",
				);
				INFOPLIST_FILE = "GestureControllerTests/GestureControllerTests-Info.plist";
				PRODUCT_NAME = "$(TARGET_NAME)";
				TEST_HOST = "$(BUNDLE_LOADER)";
				WRAPPER_EXTENSION = xctest;
			};
			name = Debug;
		};
		FC5C661718CDB1C300CA9B79 /* Release */ = {
			isa = XCBuildConfiguration;
			buildSettings = {
				ARCHS = "$(ARCHS_STANDARD_INCLUDING_64_BIT)";
				BUNDLE_LOADER = "$(BUILT_PRODUCTS_DIR)/GestureController.app/GestureController";
				FRAMEWORK_SEARCH_PATHS = (
					"$(SDKROOT)/Developer/Library/Frameworks",
					"$(inherited)",
					"$(DEVELOPER_FRAMEWORKS_DIR)",
				);
				GCC_PRECOMPILE_PREFIX_HEADER = YES;
				GCC_PREFIX_HEADER = "GestureController/GestureController-Prefix.pch";
				INFOPLIST_FILE = "GestureControllerTests/GestureControllerTests-Info.plist";
				PRODUCT_NAME = "$(TARGET_NAME)";
				TEST_HOST = "$(BUNDLE_LOADER)";
				WRAPPER_EXTENSION = xctest;
			};
			name = Release;
		};
/* End XCBuildConfiguration section */

/* Begin XCConfigurationList section */
		FC5C65DB18CDB1C300CA9B79 /* Build configuration list for PBXProject "GestureController" */ = {
			isa = XCConfigurationList;
			buildConfigurations = (
				FC5C661018CDB1C300CA9B79 /* Debug */,
				FC5C661118CDB1C300CA9B79 /* Release */,
			);
			defaultConfigurationIsVisible = 0;
			defaultConfigurationName = Release;
		};
		FC5C661218CDB1C300CA9B79 /* Build configuration list for PBXNativeTarget "GestureController" */ = {
			isa = XCConfigurationList;
			buildConfigurations = (
				FC5C661318CDB1C300CA9B79 /* Debug */,
				FC5C661418CDB1C300CA9B79 /* Release */,
			);
			defaultConfigurationIsVisible = 0;
		};
		FC5C661518CDB1C300CA9B79 /* Build configuration list for PBXNativeTarget "GestureControllerTests" */ = {
			isa = XCConfigurationList;
			buildConfigurations = (
				FC5C661618CDB1C300CA9B79 /* Debug */,
				FC5C661718CDB1C300CA9B79 /* Release */,
			);
			defaultConfigurationIsVisible = 0;
		};
/* End XCConfigurationList section */
	};
	rootObject = FC5C65D818CDB1C300CA9B79 /* Project object */;
}
